
Microsoft Visual Studio Solution File, Format Version 12.00
# Visual Studio 14
VisualStudioVersion = 14.0.25420.1
MinimumVisualStudioVersion = 10.0.40219.1
Project("{FAE04EC0-301F-11D3-BF4B-00C04F79EFBC}") = "WebSiteMVC", "WebSiteMVC\WebSiteMVC.csproj", "{1F8CD5E9-DF0B-4173-9181-CDB676A1749C}"
EndProject
Project("{FAE04EC0-301F-11D3-BF4B-00C04F79EFBC}") = "WebSiteDAL", "WebSiteDAL\WebSiteDAL.csproj", "{4EEF067F-D8F5-4A88-AACD-DB2E0640D68B}"
EndProject
Project("{FAE04EC0-301F-11D3-BF4B-00C04F79EFBC}") = "WebSiteBLL", "WebSiteBLL\WebSiteBLL.csproj", "{370D8757-B349-41FB-9F43-042D285EFEEF}"
EndProject
Project("{FAE04EC0-301F-11D3-BF4B-00C04F79EFBC}") = "Common", "Common\Common.csproj", "{7E0E2612-B5F2-437D-974A-BEFE9A5CBB52}"
EndProject
Project("{FAE04EC0-301F-11D3-BF4B-00C04F79EFBC}") = "UnitTest", "UnitTest\UnitTest.csproj", "{551DDE9D-9379-47A8-B6FD-316B5BA4813D}"
EndProject
Project("{FAE04EC0-301F-11D3-BF4B-00C04F79EFBC}") = "WebTest", "WebTest\WebTest.csproj", "{D8AF079F-1E1B-4FE8-8226-81E5079E2736}"
EndProject
Project("{2150E333-8FDC-42A3-9474-1A3956D46DE8}") = "Solution Items", "Solution Items", "{535E2BA0-67D0-4A75-9DFA-744530680393}"
	ProjectSection(SolutionItems) = preProject
		Local.testsettings = Local.testsettings
	EndProjectSection
EndProject
Project("{FAE04EC0-301F-11D3-BF4B-00C04F79EFBC}") = "WebSiteEntity", "WebSiteEntity\WebSiteEntity.csproj", "{FD77807C-3626-47AF-950A-D2763837A4B2}"
EndProject
Global
	GlobalSection(SolutionConfigurationPlatforms) = preSolution
		Debug|Any CPU = Debug|Any CPU
		Release|Any CPU = Release|Any CPU
	EndGlobalSection
	GlobalSection(ProjectConfigurationPlatforms) = postSolution
		{1F8CD5E9-DF0B-4173-9181-CDB676A1749C}.Debug|Any CPU.ActiveCfg = Debug|Any CPU
		{1F8CD5E9-DF0B-4173-9181-CDB676A1749C}.Debug|Any CPU.Build.0 = Debug|Any CPU
		{1F8CD5E9-DF0B-4173-9181-CDB676A1749C}.Release|Any CPU.ActiveCfg = Release|Any CPU
		{1F8CD5E9-DF0B-4173-9181-CDB676A1749C}.Release|Any CPU.Build.0 = Release|Any CPU
		{4EEF067F-D8F5-4A88-AACD-DB2E0640D68B}.Debug|Any CPU.ActiveCfg = Debug|Any CPU
		{4EEF067F-D8F5-4A88-AACD-DB2E0640D68B}.Debug|Any CPU.Build.0 = Debug|Any CPU
		{4EEF067F-D8F5-4A88-AACD-DB2E0640D68B}.Release|Any CPU.ActiveCfg = Release|Any CPU
		{4EEF067F-D8F5-4A88-AACD-DB2E0640D68B}.Release|Any CPU.Build.0 = Release|Any CPU
		{370D8757-B349-41FB-9F43-042D285EFEEF}.Debug|Any CPU.ActiveCfg = Debug|Any CPU
		{370D8757-B349-41FB-9F43-042D285EFEEF}.Debug|Any CPU.Build.0 = Debug|Any CPU
		{370D8757-B349-41FB-9F43-042D285EFEEF}.Release|Any CPU.ActiveCfg = Release|Any CPU
		{370D8757-B349-41FB-9F43-042D285EFEEF}.Release|Any CPU.Build.0 = Release|Any CPU
		{7E0E2612-B5F2-437D-974A-BEFE9A5CBB52}.Debug|Any CPU.ActiveCfg = Debug|Any CPU
		{7E0E2612-B5F2-437D-974A-BEFE9A5CBB52}.Debug|Any CPU.Build.0 = Debug|Any CPU
		{7E0E2612-B5F2-437D-974A-BEFE9A5CBB52}.Release|Any CPU.ActiveCfg = Release|Any CPU
		{7E0E2612-B5F2-437D-974A-BEFE9A5CBB52}.Release|Any CPU.Build.0 = Release|Any CPU
		{551DDE9D-9379-47A8-B6FD-316B5BA4813D}.Debug|Any CPU.ActiveCfg = Debug|Any CPU
		{551DDE9D-9379-47A8-B6FD-316B5BA4813D}.Debug|Any CPU.Build.0 = Debug|Any CPU
		{551DDE9D-9379-47A8-B6FD-316B5BA4813D}.Release|Any CPU.ActiveCfg = Release|Any CPU
		{551DDE9D-9379-47A8-B6FD-316B5BA4813D}.Release|Any CPU.Build.0 = Release|Any CPU
		{D8AF079F-1E1B-4FE8-8226-81E5079E2736}.Debug|Any CPU.ActiveCfg = Debug|Any CPU
		{D8AF079F-1E1B-4FE8-8226-81E5079E2736}.Debug|Any CPU.Build.0 = Debug|Any CPU
		{D8AF079F-1E1B-4FE8-8226-81E5079E2736}.Release|Any CPU.ActiveCfg = Release|Any CPU
		{D8AF079F-1E1B-4FE8-8226-81E5079E2736}.Release|Any CPU.Build.0 = Release|Any CPU
		{FD77807C-3626-47AF-950A-D2763837A4B2}.Debug|Any CPU.ActiveCfg = Debug|Any CPU
		{FD77807C-3626-47AF-950A-D2763837A4B2}.Debug|Any CPU.Build.0 = Debug|Any CPU
		{FD77807C-3626-47AF-950A-D2763837A4B2}.Release|Any CPU.ActiveCfg = Release|Any CPU
		{FD77807C-3626-47AF-950A-D2763837A4B2}.Release|Any CPU.Build.0 = Release|Any CPU
	EndGlobalSection
	GlobalSection(SolutionProperties) = preSolution
		HideSolutionNode = FALSE
	EndGlobalSection
EndGlobal
